// !$*UTF8*$!
{
	archiveVersion = 1;
	classes = {
	};
	objectVersion = 46;
	objects = {

/* Begin PBXBuildFile section */
		67B60F8F17BC4DA800C7FBC1 /* UIKit.framework in Frameworks */ = {isa = PBXBuildFile; fileRef = 67B60F8E17BC4DA800C7FBC1 /* UIKit.framework */; };
		67B60F9117BC4DA800C7FBC1 /* Foundation.framework in Frameworks */ = {isa = PBXBuildFile; fileRef = 67B60F9017BC4DA800C7FBC1 /* Foundation.framework */; };
		67B60F9317BC4DA800C7FBC1 /* CoreGraphics.framework in Frameworks */ = {isa = PBXBuildFile; fileRef = 67B60F9217BC4DA800C7FBC1 /* CoreGraphics.framework */; };
		67B60F9917BC4DA800C7FBC1 /* InfoPlist.strings in Resources */ = {isa = PBXBuildFile; fileRef = 67B60F9717BC4DA800C7FBC1 /* InfoPlist.strings */; };
		67B60F9B17BC4DA800C7FBC1 /* main.m in Sources */ = {isa = PBXBuildFile; fileRef = 67B60F9A17BC4DA800C7FBC1 /* main.m */; };
		67B60F9F17BC4DA800C7FBC1 /* GTAppDelegate.m in Sources */ = {isa = PBXBuildFile; fileRef = 67B60F9E17BC4DA800C7FBC1 /* GTAppDelegate.m */; };
		67B60FA117BC4DA800C7FBC1 /* Default.png in Resources */ = {isa = PBXBuildFile; fileRef = 67B60FA017BC4DA800C7FBC1 /* Default.png */; };
		67B60FA317BC4DA800C7FBC1 /* Default@2x.png in Resources */ = {isa = PBXBuildFile; fileRef = 67B60FA217BC4DA800C7FBC1 /* Default@2x.png */; };
		67B60FA517BC4DA800C7FBC1 /* Default-568h@2x.png in Resources */ = {isa = PBXBuildFile; fileRef = 67B60FA417BC4DA800C7FBC1 /* Default-568h@2x.png */; };
		67B60FA817BC4DA800C7FBC1 /* MainStoryboard_iPhone.storyboard in Resources */ = {isa = PBXBuildFile; fileRef = 67B60FA617BC4DA800C7FBC1 /* MainStoryboard_iPhone.storyboard */; };
		67B60FAB17BC4DA800C7FBC1 /* MainStoryboard_iPad.storyboard in Resources */ = {isa = PBXBuildFile; fileRef = 67B60FA917BC4DA800C7FBC1 /* MainStoryboard_iPad.storyboard */; };
		67B60FAE17BC4DA800C7FBC1 /* GTViewController.m in Sources */ = {isa = PBXBuildFile; fileRef = 67B60FAD17BC4DA800C7FBC1 /* GTViewController.m */; };
		67B60FB717BC506F00C7FBC1 /* GTPatternOneViewController.m in Sources */ = {isa = PBXBuildFile; fileRef = 67B60FB617BC506F00C7FBC1 /* GTPatternOneViewController.m */; };
		67B65D4717BC55CA0017C824 /* GTPatternTwoViewController.m in Sources */ = {isa = PBXBuildFile; fileRef = 67B65D4617BC55CA0017C824 /* GTPatternTwoViewController.m */; };
		67B65D4A17BC65A70017C824 /* GTPatternThreeViewController.m in Sources */ = {isa = PBXBuildFile; fileRef = 67B65D4917BC65A70017C824 /* GTPatternThreeViewController.m */; };
		67B65D4E17BD79900017C824 /* GTReverseViewController.m in Sources */ = {isa = PBXBuildFile; fileRef = 67B65D4D17BD79900017C824 /* GTReverseViewController.m */; };
/* End PBXBuildFile section */

/* Begin PBXFileReference section */
		67B60F8B17BC4DA800C7FBC1 /* GeneralTest.app */ = {isa = PBXFileReference; explicitFileType = wrapper.application; includeInIndex = 0; path = GeneralTest.app; sourceTree = BUILT_PRODUCTS_DIR; };
		67B60F8E17BC4DA800C7FBC1 /* UIKit.framework */ = {isa = PBXFileReference; lastKnownFileType = wrapper.framework; name = UIKit.framework; path = System/Library/Frameworks/UIKit.framework; sourceTree = SDKROOT; };
		67B60F9017BC4DA800C7FBC1 /* Foundation.framework */ = {isa = PBXFileReference; lastKnownFileType = wrapper.framework; name = Foundation.framework; path = System/Library/Frameworks/Foundation.framework; sourceTree = SDKROOT; };
		67B60F9217BC4DA800C7FBC1 /* CoreGraphics.framework */ = {isa = PBXFileReference; lastKnownFileType = wrapper.framework; name = CoreGraphics.framework; path = System/Library/Frameworks/CoreGraphics.framework; sourceTree = SDKROOT; };
		67B60F9617BC4DA800C7FBC1 /* GeneralTest-Info.plist */ = {isa = PBXFileReference; lastKnownFileType = text.plist.xml; path = "GeneralTest-Info.plist"; sourceTree = "<group>"; };
		67B60F9817BC4DA800C7FBC1 /* en */ = {isa = PBXFileReference; lastKnownFileType = text.plist.strings; name = en; path = en.lproj/InfoPlist.strings; sourceTree = "<group>"; };
		67B60F9A17BC4DA800C7FBC1 /* main.m */ = {isa = PBXFileReference; lastKnownFileType = sourcecode.c.objc; path = main.m; sourceTree = "<group>"; };
		67B60F9C17BC4DA800C7FBC1 /* GeneralTest-Prefix.pch */ = {isa = PBXFileReference; lastKnownFileType = sourcecode.c.h; path = "GeneralTest-Prefix.pch"; sourceTree = "<group>"; };
		67B60F9D17BC4DA800C7FBC1 /* GTAppDelegate.h */ = {isa = PBXFileReference; lastKnownFileType = sourcecode.c.h; path = GTAppDelegate.h; sourceTree = "<group>"; };
		67B60F9E17BC4DA800C7FBC1 /* GTAppDelegate.m */ = {isa = PBXFileReference; lastKnownFileType = sourcecode.c.objc; path = GTAppDelegate.m; sourceTree = "<group>"; };
		67B60FA017BC4DA800C7FBC1 /* Default.png */ = {isa = PBXFileReference; lastKnownFileType = image.png; path = Default.png; sourceTree = "<group>"; };
		67B60FA217BC4DA800C7FBC1 /* Default@2x.png */ = {isa = PBXFileReference; lastKnownFileType = image.png; path = "Default@2x.png"; sourceTree = "<group>"; };
		67B60FA417BC4DA800C7FBC1 /* Default-568h@2x.png */ = {isa = PBXFileReference; lastKnownFileType = image.png; path = "Default-568h@2x.png"; sourceTree = "<group>"; };
		67B60FA717BC4DA800C7FBC1 /* en */ = {isa = PBXFileReference; lastKnownFileType = file.storyboard; name = en; path = en.lproj/MainStoryboard_iPhone.storyboard; sourceTree = "<group>"; };
		67B60FAA17BC4DA800C7FBC1 /* en */ = {isa = PBXFileReference; lastKnownFileType = file.storyboard; name = en; path = en.lproj/MainStoryboard_iPad.storyboard; sourceTree = "<group>"; };
		67B60FAC17BC4DA800C7FBC1 /* GTViewController.h */ = {isa = PBXFileReference; lastKnownFileType = sourcecode.c.h; path = GTViewController.h; sourceTree = "<group>"; };
		67B60FAD17BC4DA800C7FBC1 /* GTViewController.m */ = {isa = PBXFileReference; lastKnownFileType = sourcecode.c.objc; path = GTViewController.m; sourceTree = "<group>"; };
		67B60FB517BC506F00C7FBC1 /* GTPatternOneViewController.h */ = {isa = PBXFileReference; fileEncoding = 4; lastKnownFileType = sourcecode.c.h; path = GTPatternOneViewController.h; sourceTree = "<group>"; };
		67B60FB617BC506F00C7FBC1 /* GTPatternOneViewController.m */ = {isa = PBXFileReference; fileEncoding = 4; lastKnownFileType = sourcecode.c.objc; path = GTPatternOneViewController.m; sourceTree = "<group>"; };
		67B65D4517BC55CA0017C824 /* GTPatternTwoViewController.h */ = {isa = PBXFileReference; fileEncoding = 4; lastKnownFileType = sourcecode.c.h; path = GTPatternTwoViewController.h; sourceTree = "<group>"; };
		67B65D4617BC55CA0017C824 /* GTPatternTwoViewController.m */ = {isa = PBXFileReference; fileEncoding = 4; lastKnownFileType = sourcecode.c.objc; path = GTPatternTwoViewController.m; sourceTree = "<group>"; };
		67B65D4817BC65A70017C824 /* GTPatternThreeViewController.h */ = {isa = PBXFileReference; fileEncoding = 4; lastKnownFileType = sourcecode.c.h; path = GTPatternThreeViewController.h; sourceTree = "<group>"; };
		67B65D4917BC65A70017C824 /* GTPatternThreeViewController.m */ = {isa = PBXFileReference; fileEncoding = 4; lastKnownFileType = sourcecode.c.objc; path = GTPatternThreeViewController.m; sourceTree = "<group>"; };
		67B65D4C17BD79900017C824 /* GTReverseViewController.h */ = {isa = PBXFileReference; fileEncoding = 4; lastKnownFileType = sourcecode.c.h; path = GTReverseViewController.h; sourceTree = "<group>"; };
		67B65D4D17BD79900017C824 /* GTReverseViewController.m */ = {isa = PBXFileReference; fileEncoding = 4; lastKnownFileType = sourcecode.c.objc; path = GTReverseViewController.m; sourceTree = "<group>"; };
/* End PBXFileReference section */

/* Begin PBXFrameworksBuildPhase section */
		67B60F8817BC4DA800C7FBC1 /* Frameworks */ = {
			isa = PBXFrameworksBuildPhase;
			buildActionMask = 2147483647;
			files = (
				67B60F8F17BC4DA800C7FBC1 /* UIKit.framework in Frameworks */,
				67B60F9117BC4DA800C7FBC1 /* Foundation.framework in Frameworks */,
				67B60F9317BC4DA800C7FBC1 /* CoreGraphics.framework in Frameworks */,
			);
			runOnlyForDeploymentPostprocessing = 0;
		};
/* End PBXFrameworksBuildPhase section */

/* Begin PBXGroup section */
		67B60F8217BC4DA800C7FBC1 = {
			isa = PBXGroup;
			children = (
				67B60F9417BC4DA800C7FBC1 /* GeneralTest */,
				67B60F8D17BC4DA800C7FBC1 /* Frameworks */,
				67B60F8C17BC4DA800C7FBC1 /* Products */,
			);
			sourceTree = "<group>";
		};
		67B60F8C17BC4DA800C7FBC1 /* Products */ = {
			isa = PBXGroup;
			children = (
				67B60F8B17BC4DA800C7FBC1 /* GeneralTest.app */,
			);
			name = Products;
			sourceTree = "<group>";
		};
		67B60F8D17BC4DA800C7FBC1 /* Frameworks */ = {
			isa = PBXGroup;
			children = (
				67B60F8E17BC4DA800C7FBC1 /* UIKit.framework */,
				67B60F9017BC4DA800C7FBC1 /* Foundation.framework */,
				67B60F9217BC4DA800C7FBC1 /* CoreGraphics.framework */,
			);
			name = Frameworks;
			sourceTree = "<group>";
		};
		67B60F9417BC4DA800C7FBC1 /* GeneralTest */ = {
			isa = PBXGroup;
			children = (
				67B60F9D17BC4DA800C7FBC1 /* GTAppDelegate.h */,
				67B60F9E17BC4DA800C7FBC1 /* GTAppDelegate.m */,
				67B60FA617BC4DA800C7FBC1 /* MainStoryboard_iPhone.storyboard */,
				67B60FA917BC4DA800C7FBC1 /* MainStoryboard_iPad.storyboard */,
				67B60FAC17BC4DA800C7FBC1 /* GTViewController.h */,
				67B60FAD17BC4DA800C7FBC1 /* GTViewController.m */,
				67B65D4B17BD797B0017C824 /* Model */,
				67B60FB417BC505A00C7FBC1 /* Scenes */,
				67B60F9517BC4DA800C7FBC1 /* Supporting Files */,
			);
			path = GeneralTest;
			sourceTree = "<group>";
		};
		67B60F9517BC4DA800C7FBC1 /* Supporting Files */ = {
			isa = PBXGroup;
			children = (
				67B60F9617BC4DA800C7FBC1 /* GeneralTest-Info.plist */,
				67B60F9717BC4DA800C7FBC1 /* InfoPlist.strings */,
				67B60F9A17BC4DA800C7FBC1 /* main.m */,
				67B60F9C17BC4DA800C7FBC1 /* GeneralTest-Prefix.pch */,
				67B60FA017BC4DA800C7FBC1 /* Default.png */,
				67B60FA217BC4DA800C7FBC1 /* Default@2x.png */,
				67B60FA417BC4DA800C7FBC1 /* Default-568h@2x.png */,
			);
			name = "Supporting Files";
			sourceTree = "<group>";
		};
		67B60FB417BC505A00C7FBC1 /* Scenes */ = {
			isa = PBXGroup;
			children = (
				67B60FB517BC506F00C7FBC1 /* GTPatternOneViewController.h */,
				67B60FB617BC506F00C7FBC1 /* GTPatternOneViewController.m */,
				67B65D4517BC55CA0017C824 /* GTPatternTwoViewController.h */,
				67B65D4617BC55CA0017C824 /* GTPatternTwoViewController.m */,
				67B65D4817BC65A70017C824 /* GTPatternThreeViewController.h */,
				67B65D4917BC65A70017C824 /* GTPatternThreeViewController.m */,
				67B65D4C17BD79900017C824 /* GTReverseViewController.h */,
				67B65D4D17BD79900017C824 /* GTReverseViewController.m */,
			);
			name = Scenes;
			sourceTree = "<group>";
		};
		67B65D4B17BD797B0017C824 /* Model */ = {
			isa = PBXGroup;
			children = (
			);
			name = Model;
			sourceTree = "<group>";
		};
/* End PBXGroup section */

/* Begin PBXNativeTarget section */
		67B60F8A17BC4DA800C7FBC1 /* GeneralTest */ = {
			isa = PBXNativeTarget;
			buildConfigurationList = 67B60FB117BC4DA800C7FBC1 /* Build configuration list for PBXNativeTarget "GeneralTest" */;
			buildPhases = (
				67B60F8717BC4DA800C7FBC1 /* Sources */,
				67B60F8817BC4DA800C7FBC1 /* Frameworks */,
				67B60F8917BC4DA800C7FBC1 /* Resources */,
			);
			buildRules = (
			);
			dependencies = (
			);
			name = GeneralTest;
			productName = GeneralTest;
			productReference = 67B60F8B17BC4DA800C7FBC1 /* GeneralTest.app */;
			productType = "com.apple.product-type.application";
		};
/* End PBXNativeTarget section */

/* Begin PBXProject section */
		67B60F8317BC4DA800C7FBC1 /* Project object */ = {
			isa = PBXProject;
			attributes = {
				CLASSPREFIX = GT;
				LastUpgradeCheck = 0460;
				ORGANIZATIONNAME = "Hayden Young";
			};
			buildConfigurationList = 67B60F8617BC4DA800C7FBC1 /* Build configuration list for PBXProject "GeneralTest" */;
			compatibilityVersion = "Xcode 3.2";
			developmentRegion = English;
			hasScannedForEncodings = 0;
			knownRegions = (
				en,
			);
			mainGroup = 67B60F8217BC4DA800C7FBC1;
			productRefGroup = 67B60F8C17BC4DA800C7FBC1 /* Products */;
			projectDirPath = "";
			projectRoot = "";
			targets = (
				67B60F8A17BC4DA800C7FBC1 /* GeneralTest */,
			);
		};
/* End PBXProject section */

/* Begin PBXResourcesBuildPhase section */
		67B60F8917BC4DA800C7FBC1 /* Resources */ = {
			isa = PBXResourcesBuildPhase;
			buildActionMask = 2147483647;
			files = (
				67B60F9917BC4DA800C7FBC1 /* InfoPlist.strings in Resources */,
				67B60FA117BC4DA800C7FBC1 /* Default.png in Resources */,
				67B60FA317BC4DA800C7FBC1 /* Default@2x.png in Resources */,
				67B60FA517BC4DA800C7FBC1 /* Default-568h@2x.png in Resources */,
				67B60FA817BC4DA800C7FBC1 /* MainStoryboard_iPhone.storyboard in Resources */,
				67B60FAB17BC4DA800C7FBC1 /* MainStoryboard_iPad.storyboard in Resources */,
			);
			runOnlyForDeploymentPostprocessing = 0;
		};
/* End PBXResourcesBuildPhase section */

/* Begin PBXSourcesBuildPhase section */
		67B60F8717BC4DA800C7FBC1 /* Sources */ = {
			isa = PBXSourcesBuildPhase;
			buildActionMask = 2147483647;
			files = (
				67B60F9B17BC4DA800C7FBC1 /* main.m in Sources */,
				67B60F9F17BC4DA800C7FBC1 /* GTAppDelegate.m in Sources */,
				67B60FAE17BC4DA800C7FBC1 /* GTViewController.m in Sources */,
				67B60FB717BC506F00C7FBC1 /* GTPatternOneViewController.m in Sources */,
				67B65D4717BC55CA0017C824 /* GTPatternTwoViewController.m in Sources */,
				67B65D4A17BC65A70017C824 /* GTPatternThreeViewController.m in Sources */,
				67B65D4E17BD79900017C824 /* GTReverseViewController.m in Sources */,
			);
			runOnlyForDeploymentPostprocessing = 0;
		};
/* End PBXSourcesBuildPhase section */

/* Begin PBXVariantGroup section */
		67B60F9717BC4DA800C7FBC1 /* InfoPlist.strings */ = {
			isa = PBXVariantGroup;
			children = (
				67B60F9817BC4DA800C7FBC1 /* en */,
			);
			name = InfoPlist.strings;
			sourceTree = "<group>";
		};
		67B60FA617BC4DA800C7FBC1 /* MainStoryboard_iPhone.storyboard */ = {
			isa = PBXVariantGroup;
			children = (
				67B60FA717BC4DA800C7FBC1 /* en */,
			);
			name = MainStoryboard_iPhone.storyboard;
			sourceTree = "<group>";
		};
		67B60FA917BC4DA800C7FBC1 /* MainStoryboard_iPad.storyboard */ = {
			isa = PBXVariantGroup;
			children = (
				67B60FAA17BC4DA800C7FBC1 /* en */,
			);
			name = MainStoryboard_iPad.storyboard;
			sourceTree = "<group>";
		};
/* End PBXVariantGroup section */

/* Begin XCBuildConfiguration section */
		67B60FAF17BC4DA800C7FBC1 /* Debug */ = {
			isa = XCBuildConfiguration;
			buildSettings = {
				ALWAYS_SEARCH_USER_PATHS = NO;
				CLANG_CXX_LANGUAGE_STANDARD = "gnu++0x";
				CLANG_CXX_LIBRARY = "libc++";
				CLANG_ENABLE_OBJC_ARC = YES;
				CLANG_WARN_CONSTANT_CONVERSION = YES;
				CLANG_WARN_EMPTY_BODY = YES;
				CLANG_WARN_ENUM_CONVERSION = YES;
				CLANG_WARN_INT_CONVERSION = YES;
				CLANG_WARN__DUPLICATE_METHOD_MATCH = YES;
				"CODE_SIGN_IDENTITY[sdk=iphoneos*]" = "iPhone Developer";
				COPY_PHASE_STRIP = NO;
				GCC_C_LANGUAGE_STANDARD = gnu99;
				GCC_DYNAMIC_NO_PIC = NO;
				GCC_OPTIMIZATION_LEVEL = 0;
				GCC_PREPROCESSOR_DEFINITIONS = (
					"DEBUG=1",
					"$(inherited)",
				);
				GCC_SYMBOLS_PRIVATE_EXTERN = NO;
				GCC_WARN_ABOUT_RETURN_TYPE = YES;
				GCC_WARN_UNINITIALIZED_AUTOS = YES;
				GCC_WARN_UNUSED_VARIABLE = YES;
				IPHONEOS_DEPLOYMENT_TARGET = 6.1;
				ONLY_ACTIVE_ARCH = YES;
				SDKROOT = iphoneos;
				TARGETED_DEVICE_FAMILY = "1,2";
			};
			name = Debug;
		};
		67B60FB017BC4DA800C7FBC1 /* Release */ = {
			isa = XCBuildConfiguration;
			buildSettings = {
				ALWAYS_SEARCH_USER_PATHS = NO;
				CLANG_CXX_LANGUAGE_STANDARD = "gnu++0x";
				CLANG_CXX_LIBRARY = "libc++";
				CLANG_ENABLE_OBJC_ARC = YES;
				CLANG_WARN_CONSTANT_CONVERSION = YES;
				CLANG_WARN_EMPTY_BODY = YES;
				CLANG_WARN_ENUM_CONVERSION = YES;
				CLANG_WARN_INT_CONVERSION = YES;
				CLANG_WARN__DUPLICATE_METHOD_MATCH = YES;
				"CODE_SIGN_IDENTITY[sdk=iphoneos*]" = "iPhone Developer";
				COPY_PHASE_STRIP = YES;
				GCC_C_LANGUAGE_STANDARD = gnu99;
				GCC_WARN_ABOUT_RETURN_TYPE = YES;
				GCC_WARN_UNINITIALIZED_AUTOS = YES;
				GCC_WARN_UNUSED_VARIABLE = YES;
				IPHONEOS_DEPLOYMENT_TARGET = 6.1;
				OTHER_CFLAGS = "-DNS_BLOCK_ASSERTIONS=1";
				SDKROOT = iphoneos;
				TARGETED_DEVICE_FAMILY = "1,2";
				VALIDATE_PRODUCT = YES;
			};
			name = Release;
		};
		67B60FB217BC4DA800C7FBC1 /* Debug */ = {
			isa = XCBuildConfiguration;
			buildSettings = {
				GCC_PRECOMPILE_PREFIX_HEADER = YES;
				GCC_PREFIX_HEADER = "GeneralTest/GeneralTest-Prefix.pch";
				INFOPLIST_FILE = "GeneralTest/GeneralTest-Info.plist";
				PRODUCT_NAME = "$(TARGET_NAME)";
				WRAPPER_EXTENSION = app;
			};
			name = Debug;
		};
		67B60FB317BC4DA800C7FBC1 /* Release */ = {
			isa = XCBuildConfiguration;
			buildSettings = {
				GCC_PRECOMPILE_PREFIX_HEADER = YES;
				GCC_PREFIX_HEADER = "GeneralTest/GeneralTest-Prefix.pch";
				INFOPLIST_FILE = "GeneralTest/GeneralTest-Info.plist";
				PRODUCT_NAME = "$(TARGET_NAME)";
				WRAPPER_EXTENSION = app;
			};
			name = Release;
		};
/* End XCBuildConfiguration section */

/* Begin XCConfigurationList section */
		67B60F8617BC4DA800C7FBC1 /* Build configuration list for PBXProject "GeneralTest" */ = {
			isa = XCConfigurationList;
			buildConfigurations = (
				67B60FAF17BC4DA800C7FBC1 /* Debug */,
				67B60FB017BC4DA800C7FBC1 /* Release */,
			);
			defaultConfigurationIsVisible = 0;
			defaultConfigurationName = Release;
		};
		67B60FB117BC4DA800C7FBC1 /* Build configuration list for PBXNativeTarget "GeneralTest" */ = {
			isa = XCConfigurationList;
			buildConfigurations = (
				67B60FB217BC4DA800C7FBC1 /* Debug */,
				67B60FB317BC4DA800C7FBC1 /* Release */,
			);
			defaultConfigurationIsVisible = 0;
			defaultConfigurationName = Release;
		};
/* End XCConfigurationList section */
	};
	rootObject = 67B60F8317BC4DA800C7FBC1 /* Project object */;
}
